
Microsoft Visual Studio Solution File, Format Version 12.00
# Visual Studio 15
VisualStudioVersion = 15.0.27004.2009
MinimumVisualStudioVersion = 10.0.40219.1
Project("{FAE04EC0-301F-11D3-BF4B-00C04F79EFBC}") = "LightPOS", "LightPOS\LightPOS.csproj", "{3938CE2B-99B5-4878-8A03-53993E4CF390}"
EndProject
Project("{FAE04EC0-301F-11D3-BF4B-00C04F79EFBC}") = "Backend", "Backend\Backend.csproj", "{82BEE664-3DBB-40A5-9D4C-C6DB457428DF}"
EndProject
Project("{D954291E-2A0B-460D-934E-DC6B0785DB48}") = "SharedResources", "SharedResources\SharedResources.shproj", "{5106580F-0783-475C-BCE2-10E885C9A432}"
EndProject
Project("{2150E333-8FDC-42A3-9474-1A3956D46DE8}") = "LightBank", "LightBank", "{3FC371CC-D8A4-47ED-9501-31E22E467BA4}"
EndProject
Project("{FAE04EC0-301F-11D3-BF4B-00C04F79EFBC}") = "LightBankBackend", "LightBankBackend\LightBankBackend.csproj", "{8211A3BB-5548-47D2-AE63-FFCD5089AD91}"
EndProject
Global
	GlobalSection(SharedMSBuildProjectFiles) = preSolution
		SharedResources\SharedResources.projitems*{3938ce2b-99b5-4878-8a03-53993e4cf390}*SharedItemsImports = 4
		SharedResources\SharedResources.projitems*{5106580f-0783-475c-bce2-10e885c9a432}*SharedItemsImports = 13
	EndGlobalSection
	GlobalSection(SolutionConfigurationPlatforms) = preSolution
		Debug|Any CPU = Debug|Any CPU
		Debug-NoDB|Any CPU = Debug-NoDB|Any CPU
		Release|Any CPU = Release|Any CPU
	EndGlobalSection
	GlobalSection(ProjectConfigurationPlatforms) = postSolution
		{3938CE2B-99B5-4878-8A03-53993E4CF390}.Debug|Any CPU.ActiveCfg = Debug|Any CPU
		{3938CE2B-99B5-4878-8A03-53993E4CF390}.Debug|Any CPU.Build.0 = Debug|Any CPU
		{3938CE2B-99B5-4878-8A03-53993E4CF390}.Debug-NoDB|Any CPU.ActiveCfg = Debug-NoDB|Any CPU
		{3938CE2B-99B5-4878-8A03-53993E4CF390}.Debug-NoDB|Any CPU.Build.0 = Debug-NoDB|Any CPU
		{3938CE2B-99B5-4878-8A03-53993E4CF390}.Release|Any CPU.ActiveCfg = Release|Any CPU
		{3938CE2B-99B5-4878-8A03-53993E4CF390}.Release|Any CPU.Build.0 = Release|Any CPU
		{82BEE664-3DBB-40A5-9D4C-C6DB457428DF}.Debug|Any CPU.ActiveCfg = Debug|Any CPU
		{82BEE664-3DBB-40A5-9D4C-C6DB457428DF}.Debug|Any CPU.Build.0 = Debug|Any CPU
		{82BEE664-3DBB-40A5-9D4C-C6DB457428DF}.Debug-NoDB|Any CPU.ActiveCfg = Debug-NoDB|Any CPU
		{82BEE664-3DBB-40A5-9D4C-C6DB457428DF}.Debug-NoDB|Any CPU.Build.0 = Debug-NoDB|Any CPU
		{82BEE664-3DBB-40A5-9D4C-C6DB457428DF}.Release|Any CPU.ActiveCfg = Release|Any CPU
		{82BEE664-3DBB-40A5-9D4C-C6DB457428DF}.Release|Any CPU.Build.0 = Release|Any CPU
		{8211A3BB-5548-47D2-AE63-FFCD5089AD91}.Debug|Any CPU.ActiveCfg = Debug|Any CPU
		{8211A3BB-5548-47D2-AE63-FFCD5089AD91}.Debug|Any CPU.Build.0 = Debug|Any CPU
		{8211A3BB-5548-47D2-AE63-FFCD5089AD91}.Debug-NoDB|Any CPU.ActiveCfg = Debug|Any CPU
		{8211A3BB-5548-47D2-AE63-FFCD5089AD91}.Debug-NoDB|Any CPU.Build.0 = Debug|Any CPU
		{8211A3BB-5548-47D2-AE63-FFCD5089AD91}.Release|Any CPU.ActiveCfg = Release|Any CPU
		{8211A3BB-5548-47D2-AE63-FFCD5089AD91}.Release|Any CPU.Build.0 = Release|Any CPU
	EndGlobalSection
	GlobalSection(SolutionProperties) = preSolution
		HideSolutionNode = FALSE
	EndGlobalSection
	GlobalSection(NestedProjects) = preSolution
		{8211A3BB-5548-47D2-AE63-FFCD5089AD91} = {3FC371CC-D8A4-47ED-9501-31E22E467BA4}
	EndGlobalSection
	GlobalSection(ExtensibilityGlobals) = postSolution
		RESX_ExcelExportMode = SingleSheet
		RESX_CodeReferences = {"Items":[{"Expression":"\\W($File.$Key)\\W","Extensions":".cs,.xaml,.cshtml","IsCaseSensitive":true,"SingleLineComment":"\/\/"},{"Expression":"ResourceManager.GetString\\(\"($Key)\"\\)","Extensions":".cs","IsCaseSensitive":true,"SingleLineComment":"\/\/"},{"Expression":"typeof\\((\\w+\\.)*($File)\\).+\"($Key)\"|\"($Key)\".+typeof\\((\\w+\\.)*($File)\\)","Extensions":".cs","IsCaseSensitive":true,"SingleLineComment":"\/\/"},{"Expression":"\\W($Key)\\W","Extensions":".vb","IsCaseSensitive":false,"SingleLineComment":"'"},{"Expression":"\\W($File::$Key)\\W","Extensions":".cpp,.c,.hxx,.h","IsCaseSensitive":true,"SingleLineComment":"\/\/"},{"Expression":"&lt;%\\$\\s+Resources:\\s*($File)\\s*,\\s*($Key)\\s*%&gt;","Extensions":".aspx,.ascx,.master","IsCaseSensitive":true,"SingleLineComment":null},{"Expression":"StringResourceKey\\.($Key)","Extensions":".cs","IsCaseSensitive":true,"SingleLineComment":"\/\/"},{"Expression":"\\.SetTranslationLocation\\(.+, \"($Key)\"\\);","Extensions":".cs,.Designer.cs","IsCaseSensitive":true,"SingleLineComment":"\/\/"}]}
		SolutionGuid = {1DF25320-A33C-41DB-834D-E03C31405E90}
	EndGlobalSection
EndGlobal
